
Microsoft Visual Studio Solution File, Format Version 12.00
# Visual Studio 15
VisualStudioVersion = 15.0.27004.2002
MinimumVisualStudioVersion = 10.0.40219.1
Project("{9A19103F-16F7-4668-BE54-9A1E7A4F7556}") = "BookCommunity", "BookCommunity\BookCommunity.csproj", "{4A12066F-E025-4663-B50F-A17897239369}"
EndProject
Project("{9A19103F-16F7-4668-BE54-9A1E7A4F7556}") = "BC.Data", "BC.Data\BC.Data.csproj", "{027B5B6A-D051-4795-AF00-5DE0870A3E42}"
EndProject
Project("{9A19103F-16F7-4668-BE54-9A1E7A4F7556}") = "BC.Infrastructure", "BC.Infrastructure\BC.Infrastructure.csproj", "{E567D846-824D-4337-8267-969BBB6A1AC8}"
EndProject
Project("{9A19103F-16F7-4668-BE54-9A1E7A4F7556}") = "BookCommunityTest", "BookCommunityTest\BookCommunityTest.csproj", "{1A748AF8-CCFC-4BF8-9604-B9B9D7045690}"
EndProject
Global
	GlobalSection(SolutionConfigurationPlatforms) = preSolution
		Debug|Any CPU = Debug|Any CPU
		Release|Any CPU = Release|Any CPU
	EndGlobalSection
	GlobalSection(ProjectConfigurationPlatforms) = postSolution
		{4A12066F-E025-4663-B50F-A17897239369}.Debug|Any CPU.ActiveCfg = Debug|Any CPU
		{4A12066F-E025-4663-B50F-A17897239369}.Debug|Any CPU.Build.0 = Debug|Any CPU
		{4A12066F-E025-4663-B50F-A17897239369}.Release|Any CPU.ActiveCfg = Release|Any CPU
		{4A12066F-E025-4663-B50F-A17897239369}.Release|Any CPU.Build.0 = Release|Any CPU
		{027B5B6A-D051-4795-AF00-5DE0870A3E42}.Debug|Any CPU.ActiveCfg = Debug|Any CPU
		{027B5B6A-D051-4795-AF00-5DE0870A3E42}.Debug|Any CPU.Build.0 = Debug|Any CPU
		{027B5B6A-D051-4795-AF00-5DE0870A3E42}.Release|Any CPU.ActiveCfg = Release|Any CPU
		{027B5B6A-D051-4795-AF00-5DE0870A3E42}.Release|Any CPU.Build.0 = Release|Any CPU
		{E567D846-824D-4337-8267-969BBB6A1AC8}.Debug|Any CPU.ActiveCfg = Debug|Any CPU
		{E567D846-824D-4337-8267-969BBB6A1AC8}.Debug|Any CPU.Build.0 = Debug|Any CPU
		{E567D846-824D-4337-8267-969BBB6A1AC8}.Release|Any CPU.ActiveCfg = Release|Any CPU
		{E567D846-824D-4337-8267-969BBB6A1AC8}.Release|Any CPU.Build.0 = Release|Any CPU
		{1A748AF8-CCFC-4BF8-9604-B9B9D7045690}.Debug|Any CPU.ActiveCfg = Debug|Any CPU
		{1A748AF8-CCFC-4BF8-9604-B9B9D7045690}.Debug|Any CPU.Build.0 = Debug|Any CPU
		{1A748AF8-CCFC-4BF8-9604-B9B9D7045690}.Release|Any CPU.ActiveCfg = Release|Any CPU
		{1A748AF8-CCFC-4BF8-9604-B9B9D7045690}.Release|Any CPU.Build.0 = Release|Any CPU
	EndGlobalSection
	GlobalSection(SolutionProperties) = preSolution
		HideSolutionNode = FALSE
	EndGlobalSection
	GlobalSection(ExtensibilityGlobals) = postSolution
		SolutionGuid = {2D786D4E-159D-4DF3-9F9C-904B3C604E84}
	EndGlobalSection
EndGlobal
